
Microsoft Visual Studio Solution File, Format Version 12.00
# Visual Studio Version 17
VisualStudioVersion = 17.10.35013.160
MinimumVisualStudioVersion = 10.0.40219.1
Project("{9A19103F-16F7-4668-BE54-9A1E7A4F7556}") = "StudentManagement", "StudentManagement\StudentManagement.csproj", "{D4A26543-3566-4A05-B81B-5812BB28B84E}"
EndProject
Project("{9A19103F-16F7-4668-BE54-9A1E7A4F7556}") = "StudentManagement.Client", "StudentManagement.Client\StudentManagement.Client.csproj", "{09C4DE79-ED48-4A35-A528-D96CDC969941}"
EndProject
Project("{9A19103F-16F7-4668-BE54-9A1E7A4F7556}") = "StudentsManagement.Shared", "StuedntsManagement.Shared\StudentsManagement.Shared.csproj", "{ACA90AC1-8E8B-46CB-8895-3999008001F9}"
EndProject
Global
	GlobalSection(SolutionConfigurationPlatforms) = preSolution
		Debug|Any CPU = Debug|Any CPU
		Release|Any CPU = Release|Any CPU
	EndGlobalSection
	GlobalSection(ProjectConfigurationPlatforms) = postSolution
		{D4A26543-3566-4A05-B81B-5812BB28B84E}.Debug|Any CPU.ActiveCfg = Debug|Any CPU
		{D4A26543-3566-4A05-B81B-5812BB28B84E}.Debug|Any CPU.Build.0 = Debug|Any CPU
		{D4A26543-3566-4A05-B81B-5812BB28B84E}.Release|Any CPU.ActiveCfg = Release|Any CPU
		{D4A26543-3566-4A05-B81B-5812BB28B84E}.Release|Any CPU.Build.0 = Release|Any CPU
		{09C4DE79-ED48-4A35-A528-D96CDC969941}.Debug|Any CPU.ActiveCfg = Debug|Any CPU
		{09C4DE79-ED48-4A35-A528-D96CDC969941}.Debug|Any CPU.Build.0 = Debug|Any CPU
		{09C4DE79-ED48-4A35-A528-D96CDC969941}.Release|Any CPU.ActiveCfg = Release|Any CPU
		{09C4DE79-ED48-4A35-A528-D96CDC969941}.Release|Any CPU.Build.0 = Release|Any CPU
		{ACA90AC1-8E8B-46CB-8895-3999008001F9}.Debug|Any CPU.ActiveCfg = Debug|Any CPU
		{ACA90AC1-8E8B-46CB-8895-3999008001F9}.Debug|Any CPU.Build.0 = Debug|Any CPU
		{ACA90AC1-8E8B-46CB-8895-3999008001F9}.Release|Any CPU.ActiveCfg = Release|Any CPU
		{ACA90AC1-8E8B-46CB-8895-3999008001F9}.Release|Any CPU.Build.0 = Release|Any CPU
	EndGlobalSection
	GlobalSection(SolutionProperties) = preSolution
		HideSolutionNode = FALSE
	EndGlobalSection
	GlobalSection(ExtensibilityGlobals) = postSolution
		SolutionGuid = {F9962101-FF3B-44D1-97D0-8F0D8273C75F}
	EndGlobalSection
EndGlobal
